
Microsoft Visual Studio Solution File, Format Version 12.00
# Visual Studio 2012
Project("{FAE04EC0-301F-11D3-BF4B-00C04F79EFBC}") = "MainApplication", "MainApplication\MainApplication.csproj", "{DAE8E9AC-33D0-4640-8032-A8992129CA48}"
EndProject
Global
	GlobalSection(SolutionConfigurationPlatforms) = preSolution
		Debug|Any CPU = Debug|Any CPU
		Release|Any CPU = Release|Any CPU
	EndGlobalSection
	GlobalSection(ProjectConfigurationPlatforms) = postSolution
		{DAE8E9AC-33D0-4640-8032-A8992129CA48}.Debug|Any CPU.ActiveCfg = Debug|Any CPU
		{DAE8E9AC-33D0-4640-8032-A8992129CA48}.Debug|Any CPU.Build.0 = Debug|Any CPU
		{DAE8E9AC-33D0-4640-8032-A8992129CA48}.Release|Any CPU.ActiveCfg = Release|Any CPU
		{DAE8E9AC-33D0-4640-8032-A8992129CA48}.Release|Any CPU.Build.0 = Release|Any CPU
	EndGlobalSection
	GlobalSection(SolutionProperties) = preSolution
		HideSolutionNode = FALSE
	EndGlobalSection
EndGlobal
